
Microsoft Visual Studio Solution File, Format Version 11.00
# Visual Studio 2010
Project("{FAE04EC0-301F-11D3-BF4B-00C04F79EFBC}") = "EasyPlayer-RTMP.Client", "EasyPlayer-RTMP\EasyPlayer-RTMP.Client.csproj", "{2D9465D7-86C8-42D0-A26B-AB561869F58C}"
EndProject
Project("{FAE04EC0-301F-11D3-BF4B-00C04F79EFBC}") = "EasyPlayer-RTMP.NetSDK", "EasyPlayer-RTMP.NetSDK\EasyPlayer-RTMP.NetSDK.csproj", "{F68B59FE-CE98-4451-96AB-81851C17F0DC}"
EndProject
Global
	GlobalSection(SolutionConfigurationPlatforms) = preSolution
		Debug|Any CPU = Debug|Any CPU
		Release|Any CPU = Release|Any CPU
	EndGlobalSection
	GlobalSection(ProjectConfigurationPlatforms) = postSolution
		{2D9465D7-86C8-42D0-A26B-AB561869F58C}.Debug|Any CPU.ActiveCfg = Debug|Any CPU
		{2D9465D7-86C8-42D0-A26B-AB561869F58C}.Debug|Any CPU.Build.0 = Debug|Any CPU
		{2D9465D7-86C8-42D0-A26B-AB561869F58C}.Release|Any CPU.ActiveCfg = Release|Any CPU
		{2D9465D7-86C8-42D0-A26B-AB561869F58C}.Release|Any CPU.Build.0 = Release|Any CPU
		{F68B59FE-CE98-4451-96AB-81851C17F0DC}.Debug|Any CPU.ActiveCfg = Debug|Any CPU
		{F68B59FE-CE98-4451-96AB-81851C17F0DC}.Debug|Any CPU.Build.0 = Debug|Any CPU
		{F68B59FE-CE98-4451-96AB-81851C17F0DC}.Release|Any CPU.ActiveCfg = Release|Any CPU
		{F68B59FE-CE98-4451-96AB-81851C17F0DC}.Release|Any CPU.Build.0 = Release|Any CPU
	EndGlobalSection
	GlobalSection(SolutionProperties) = preSolution
		HideSolutionNode = FALSE
	EndGlobalSection
EndGlobal
